
Microsoft Visual Studio Solution File, Format Version 12.00
# Visual Studio Version 16
VisualStudioVersion = 16.0.33529.622
MinimumVisualStudioVersion = 10.0.40219.1
Project("{FAE04EC0-301F-11D3-BF4B-00C04F79EFBC}") = "RockBreaker", "RockBreaker\RockBreaker.csproj", "{0ACA6DBB-CA54-4B1F-BFE5-6818D1CB5973}"
EndProject
Global
	GlobalSection(SolutionConfigurationPlatforms) = preSolution
		Debug|Any CPU = Debug|Any CPU
		Release|Any CPU = Release|Any CPU
	EndGlobalSection
	GlobalSection(ProjectConfigurationPlatforms) = postSolution
		{0ACA6DBB-CA54-4B1F-BFE5-6818D1CB5973}.Debug|Any CPU.ActiveCfg = Debug|Any CPU
		{0ACA6DBB-CA54-4B1F-BFE5-6818D1CB5973}.Debug|Any CPU.Build.0 = Debug|Any CPU
		{0ACA6DBB-CA54-4B1F-BFE5-6818D1CB5973}.Release|Any CPU.ActiveCfg = Release|Any CPU
		{0ACA6DBB-CA54-4B1F-BFE5-6818D1CB5973}.Release|Any CPU.Build.0 = Release|Any CPU
	EndGlobalSection
	GlobalSection(SolutionProperties) = preSolution
		HideSolutionNode = FALSE
	EndGlobalSection
	GlobalSection(ExtensibilityGlobals) = postSolution
		SolutionGuid = {99421B07-91CB-482C-BB67-38D2C2DB77E0}
	EndGlobalSection
EndGlobal
