
Microsoft Visual Studio Solution File, Format Version 12.00
# Visual Studio Version 17
VisualStudioVersion = 17.5.33530.505
MinimumVisualStudioVersion = 10.0.40219.1
Project("{FAE04EC0-301F-11D3-BF4B-00C04F79EFBC}") = "RockBreakerNugget", "RockBreakerNugget\RockBreakerNugget.csproj", "{B1CC2C8C-3D80-494B-98CC-9440F4B78278}"
EndProject
Global
	GlobalSection(SolutionConfigurationPlatforms) = preSolution
		Debug|Any CPU = Debug|Any CPU
		Release|Any CPU = Release|Any CPU
	EndGlobalSection
	GlobalSection(ProjectConfigurationPlatforms) = postSolution
		{B1CC2C8C-3D80-494B-98CC-9440F4B78278}.Debug|Any CPU.ActiveCfg = Debug|Any CPU
		{B1CC2C8C-3D80-494B-98CC-9440F4B78278}.Debug|Any CPU.Build.0 = Debug|Any CPU
		{B1CC2C8C-3D80-494B-98CC-9440F4B78278}.Release|Any CPU.ActiveCfg = Release|Any CPU
		{B1CC2C8C-3D80-494B-98CC-9440F4B78278}.Release|Any CPU.Build.0 = Release|Any CPU
	EndGlobalSection
	GlobalSection(SolutionProperties) = preSolution
		HideSolutionNode = FALSE
	EndGlobalSection
	GlobalSection(ExtensibilityGlobals) = postSolution
		SolutionGuid = {99421B07-91CB-482C-BB67-38D2C2DB77E0}
	EndGlobalSection
EndGlobal
